
Microsoft Visual Studio Solution File, Format Version 12.00
# Visual Studio Version 16
VisualStudioVersion = 16.0.30413.136
MinimumVisualStudioVersion = 10.0.40219.1
Project("{FAE04EC0-301F-11D3-BF4B-00C04F79EFBC}") = "BuscaCep.Android", "BuscaCep\BuscaCep.Android\BuscaCep.Android.csproj", "{2F997D65-78CE-4940-889D-08E93085A00E}"
EndProject
Project("{FAE04EC0-301F-11D3-BF4B-00C04F79EFBC}") = "BuscaCep.iOS", "BuscaCep\BuscaCep.iOS\BuscaCep.iOS.csproj", "{67F9A650-B028-4833-B8E6-BED5A30FBABA}"
EndProject
Project("{FAE04EC0-301F-11D3-BF4B-00C04F79EFBC}") = "BuscaCep", "BuscaCep\BuscaCep\BuscaCep.csproj", "{342241C8-6FA9-468F-9FA2-51341572D354}"
EndProject
Global
	GlobalSection(SolutionConfigurationPlatforms) = preSolution
		Debug|Any CPU = Debug|Any CPU
		Debug|iPhone = Debug|iPhone
		Debug|iPhoneSimulator = Debug|iPhoneSimulator
		Release|Any CPU = Release|Any CPU
		Release|iPhone = Release|iPhone
		Release|iPhoneSimulator = Release|iPhoneSimulator
	EndGlobalSection
	GlobalSection(ProjectConfigurationPlatforms) = postSolution
		{2F997D65-78CE-4940-889D-08E93085A00E}.Debug|Any CPU.ActiveCfg = Debug|Any CPU
		{2F997D65-78CE-4940-889D-08E93085A00E}.Debug|Any CPU.Build.0 = Debug|Any CPU
		{2F997D65-78CE-4940-889D-08E93085A00E}.Debug|Any CPU.Deploy.0 = Debug|Any CPU
		{2F997D65-78CE-4940-889D-08E93085A00E}.Debug|iPhone.ActiveCfg = Debug|Any CPU
		{2F997D65-78CE-4940-889D-08E93085A00E}.Debug|iPhone.Build.0 = Debug|Any CPU
		{2F997D65-78CE-4940-889D-08E93085A00E}.Debug|iPhone.Deploy.0 = Debug|Any CPU
		{2F997D65-78CE-4940-889D-08E93085A00E}.Debug|iPhoneSimulator.ActiveCfg = Debug|Any CPU
		{2F997D65-78CE-4940-889D-08E93085A00E}.Debug|iPhoneSimulator.Build.0 = Debug|Any CPU
		{2F997D65-78CE-4940-889D-08E93085A00E}.Debug|iPhoneSimulator.Deploy.0 = Debug|Any CPU
		{2F997D65-78CE-4940-889D-08E93085A00E}.Release|Any CPU.ActiveCfg = Release|Any CPU
		{2F997D65-78CE-4940-889D-08E93085A00E}.Release|Any CPU.Build.0 = Release|Any CPU
		{2F997D65-78CE-4940-889D-08E93085A00E}.Release|Any CPU.Deploy.0 = Release|Any CPU
		{2F997D65-78CE-4940-889D-08E93085A00E}.Release|iPhone.ActiveCfg = Release|Any CPU
		{2F997D65-78CE-4940-889D-08E93085A00E}.Release|iPhone.Build.0 = Release|Any CPU
		{2F997D65-78CE-4940-889D-08E93085A00E}.Release|iPhone.Deploy.0 = Release|Any CPU
		{2F997D65-78CE-4940-889D-08E93085A00E}.Release|iPhoneSimulator.ActiveCfg = Release|Any CPU
		{2F997D65-78CE-4940-889D-08E93085A00E}.Release|iPhoneSimulator.Build.0 = Release|Any CPU
		{2F997D65-78CE-4940-889D-08E93085A00E}.Release|iPhoneSimulator.Deploy.0 = Release|Any CPU
		{67F9A650-B028-4833-B8E6-BED5A30FBABA}.Debug|Any CPU.ActiveCfg = Debug|iPhone
		{67F9A650-B028-4833-B8E6-BED5A30FBABA}.Debug|Any CPU.Build.0 = Debug|iPhone
		{67F9A650-B028-4833-B8E6-BED5A30FBABA}.Debug|Any CPU.Deploy.0 = Debug|iPhone
		{67F9A650-B028-4833-B8E6-BED5A30FBABA}.Debug|iPhone.ActiveCfg = Debug|iPhone
		{67F9A650-B028-4833-B8E6-BED5A30FBABA}.Debug|iPhone.Build.0 = Debug|iPhone
		{67F9A650-B028-4833-B8E6-BED5A30FBABA}.Debug|iPhone.Deploy.0 = Debug|iPhone
		{67F9A650-B028-4833-B8E6-BED5A30FBABA}.Debug|iPhoneSimulator.ActiveCfg = Debug|iPhoneSimulator
		{67F9A650-B028-4833-B8E6-BED5A30FBABA}.Debug|iPhoneSimulator.Build.0 = Debug|iPhoneSimulator
		{67F9A650-B028-4833-B8E6-BED5A30FBABA}.Debug|iPhoneSimulator.Deploy.0 = Debug|iPhoneSimulator
		{67F9A650-B028-4833-B8E6-BED5A30FBABA}.Release|Any CPU.ActiveCfg = Release|iPhone
		{67F9A650-B028-4833-B8E6-BED5A30FBABA}.Release|Any CPU.Build.0 = Release|iPhone
		{67F9A650-B028-4833-B8E6-BED5A30FBABA}.Release|Any CPU.Deploy.0 = Release|iPhone
		{67F9A650-B028-4833-B8E6-BED5A30FBABA}.Release|iPhone.ActiveCfg = Release|iPhone
		{67F9A650-B028-4833-B8E6-BED5A30FBABA}.Release|iPhone.Build.0 = Release|iPhone
		{67F9A650-B028-4833-B8E6-BED5A30FBABA}.Release|iPhone.Deploy.0 = Release|iPhone
		{67F9A650-B028-4833-B8E6-BED5A30FBABA}.Release|iPhoneSimulator.ActiveCfg = Release|iPhoneSimulator
		{67F9A650-B028-4833-B8E6-BED5A30FBABA}.Release|iPhoneSimulator.Build.0 = Release|iPhoneSimulator
		{67F9A650-B028-4833-B8E6-BED5A30FBABA}.Release|iPhoneSimulator.Deploy.0 = Release|iPhoneSimulator
		{342241C8-6FA9-468F-9FA2-51341572D354}.Debug|Any CPU.ActiveCfg = Debug|Any CPU
		{342241C8-6FA9-468F-9FA2-51341572D354}.Debug|Any CPU.Build.0 = Debug|Any CPU
		{342241C8-6FA9-468F-9FA2-51341572D354}.Debug|Any CPU.Deploy.0 = Debug|Any CPU
		{342241C8-6FA9-468F-9FA2-51341572D354}.Debug|iPhone.ActiveCfg = Debug|Any CPU
		{342241C8-6FA9-468F-9FA2-51341572D354}.Debug|iPhone.Build.0 = Debug|Any CPU
		{342241C8-6FA9-468F-9FA2-51341572D354}.Debug|iPhone.Deploy.0 = Debug|Any CPU
		{342241C8-6FA9-468F-9FA2-51341572D354}.Debug|iPhoneSimulator.ActiveCfg = Debug|Any CPU
		{342241C8-6FA9-468F-9FA2-51341572D354}.Debug|iPhoneSimulator.Build.0 = Debug|Any CPU
		{342241C8-6FA9-468F-9FA2-51341572D354}.Debug|iPhoneSimulator.Deploy.0 = Debug|Any CPU
		{342241C8-6FA9-468F-9FA2-51341572D354}.Release|Any CPU.ActiveCfg = Release|Any CPU
		{342241C8-6FA9-468F-9FA2-51341572D354}.Release|Any CPU.Build.0 = Release|Any CPU
		{342241C8-6FA9-468F-9FA2-51341572D354}.Release|Any CPU.Deploy.0 = Release|Any CPU
		{342241C8-6FA9-468F-9FA2-51341572D354}.Release|iPhone.ActiveCfg = Release|Any CPU
		{342241C8-6FA9-468F-9FA2-51341572D354}.Release|iPhone.Build.0 = Release|Any CPU
		{342241C8-6FA9-468F-9FA2-51341572D354}.Release|iPhone.Deploy.0 = Release|Any CPU
		{342241C8-6FA9-468F-9FA2-51341572D354}.Release|iPhoneSimulator.ActiveCfg = Release|Any CPU
		{342241C8-6FA9-468F-9FA2-51341572D354}.Release|iPhoneSimulator.Build.0 = Release|Any CPU
		{342241C8-6FA9-468F-9FA2-51341572D354}.Release|iPhoneSimulator.Deploy.0 = Release|Any CPU
	EndGlobalSection
	GlobalSection(SolutionProperties) = preSolution
		HideSolutionNode = FALSE
	EndGlobalSection
	GlobalSection(ExtensibilityGlobals) = postSolution
		SolutionGuid = {DE966E20-62E8-4CC7-9F03-1BE54DD5720E}
	EndGlobalSection
EndGlobal
